
Microsoft Visual Studio Solution File, Format Version 12.00
# Visual Studio Version 16
VisualStudioVersion = 16.0.31112.23
MinimumVisualStudioVersion = 10.0.40219.1
Project("{FAE04EC0-301F-11D3-BF4B-00C04F79EFBC}") = "Ejercicio1", "Ejercicio1\Ejercicio1.csproj", "{28880C59-47F6-4FC3-8B7A-054988E7D6C9}"
EndProject
Project("{FAE04EC0-301F-11D3-BF4B-00C04F79EFBC}") = "Ejercicio2", "Ejercicio2\Ejercicio2.csproj", "{71E4C6C7-5B8F-45CF-A1E2-E2F8893D3ECC}"
EndProject
Project("{FAE04EC0-301F-11D3-BF4B-00C04F79EFBC}") = "BibliotecaDami", "ClassLibrary1\BibliotecaDami.csproj", "{496F8921-B3E8-4989-BA9F-A94AF4904771}"
EndProject
Project("{FAE04EC0-301F-11D3-BF4B-00C04F79EFBC}") = "Ejercicio11", "Ejercicio11\Ejercicio11.csproj", "{716B835B-D2A4-4D19-921C-078E6B32F303}"
EndProject
Project("{FAE04EC0-301F-11D3-BF4B-00C04F79EFBC}") = "Ejercicio12", "Ejercicio12\Ejercicio12.csproj", "{73D19C94-6CF3-4FBF-A877-B2408B3B17E0}"
EndProject
Project("{FAE04EC0-301F-11D3-BF4B-00C04F79EFBC}") = "Ejercicio13", "Ejercicio13\Ejercicio13.csproj", "{861B46CB-46B9-49B8-9E5D-E0AD85E095A1}"
EndProject
Project("{FAE04EC0-301F-11D3-BF4B-00C04F79EFBC}") = "Ejercicio14", "Ejercicio14\Ejercicio14.csproj", "{ECAC4E30-E1F6-4FCC-8D0E-B620428E305C}"
EndProject
Project("{FAE04EC0-301F-11D3-BF4B-00C04F79EFBC}") = "Ejercicio15", "Ejercicio15\Ejercicio15.csproj", "{B3AEB98A-DEB2-4B82-9375-2282F6753EA9}"
EndProject
Project("{FAE04EC0-301F-11D3-BF4B-00C04F79EFBC}") = "Ejercicio17", "Ejercicio17\Ejercicio17.csproj", "{2F0093CA-D0EF-4D56-998E-6BDCED94E4E2}"
EndProject
Project("{FAE04EC0-301F-11D3-BF4B-00C04F79EFBC}") = "Ejercicio16", "Ejercicio16\Ejercicio16.csproj", "{D3977A1C-1693-4171-99F2-ABEADCFA8643}"
EndProject
Project("{FAE04EC0-301F-11D3-BF4B-00C04F79EFBC}") = "Ejercicio18", "Ejercicio18\Ejercicio18.csproj", "{BF391477-2A6B-4B3C-AD83-62A742696F04}"
EndProject
Project("{FAE04EC0-301F-11D3-BF4B-00C04F79EFBC}") = "Ejercicio19", "Ejercicio19\Ejercicio19.csproj", "{0EB5435D-A208-44FA-AAF3-B3463F851272}"
EndProject
Project("{FAE04EC0-301F-11D3-BF4B-00C04F79EFBC}") = "Clase 3 - Sobrecarga", "Clase 3 - Sobrecarga\Clase 3 - Sobrecarga.csproj", "{36E59D93-0663-4F9D-A09D-550EE6DE5DBD}"
EndProject
Project("{FAE04EC0-301F-11D3-BF4B-00C04F79EFBC}") = "Ejercicio20", "Ejercicio20\Ejercicio20.csproj", "{A9DF97FE-2A56-47C1-A8DC-A04A78AB6470}"
EndProject
Global
	GlobalSection(SolutionConfigurationPlatforms) = preSolution
		Debug|Any CPU = Debug|Any CPU
		Release|Any CPU = Release|Any CPU
	EndGlobalSection
	GlobalSection(ProjectConfigurationPlatforms) = postSolution
		{28880C59-47F6-4FC3-8B7A-054988E7D6C9}.Debug|Any CPU.ActiveCfg = Debug|Any CPU
		{28880C59-47F6-4FC3-8B7A-054988E7D6C9}.Debug|Any CPU.Build.0 = Debug|Any CPU
		{28880C59-47F6-4FC3-8B7A-054988E7D6C9}.Release|Any CPU.ActiveCfg = Release|Any CPU
		{28880C59-47F6-4FC3-8B7A-054988E7D6C9}.Release|Any CPU.Build.0 = Release|Any CPU
		{71E4C6C7-5B8F-45CF-A1E2-E2F8893D3ECC}.Debug|Any CPU.ActiveCfg = Debug|Any CPU
		{71E4C6C7-5B8F-45CF-A1E2-E2F8893D3ECC}.Debug|Any CPU.Build.0 = Debug|Any CPU
		{71E4C6C7-5B8F-45CF-A1E2-E2F8893D3ECC}.Release|Any CPU.ActiveCfg = Release|Any CPU
		{71E4C6C7-5B8F-45CF-A1E2-E2F8893D3ECC}.Release|Any CPU.Build.0 = Release|Any CPU
		{496F8921-B3E8-4989-BA9F-A94AF4904771}.Debug|Any CPU.ActiveCfg = Debug|Any CPU
		{496F8921-B3E8-4989-BA9F-A94AF4904771}.Debug|Any CPU.Build.0 = Debug|Any CPU
		{496F8921-B3E8-4989-BA9F-A94AF4904771}.Release|Any CPU.ActiveCfg = Release|Any CPU
		{496F8921-B3E8-4989-BA9F-A94AF4904771}.Release|Any CPU.Build.0 = Release|Any CPU
		{716B835B-D2A4-4D19-921C-078E6B32F303}.Debug|Any CPU.ActiveCfg = Debug|Any CPU
		{716B835B-D2A4-4D19-921C-078E6B32F303}.Debug|Any CPU.Build.0 = Debug|Any CPU
		{716B835B-D2A4-4D19-921C-078E6B32F303}.Release|Any CPU.ActiveCfg = Release|Any CPU
		{716B835B-D2A4-4D19-921C-078E6B32F303}.Release|Any CPU.Build.0 = Release|Any CPU
		{73D19C94-6CF3-4FBF-A877-B2408B3B17E0}.Debug|Any CPU.ActiveCfg = Debug|Any CPU
		{73D19C94-6CF3-4FBF-A877-B2408B3B17E0}.Debug|Any CPU.Build.0 = Debug|Any CPU
		{73D19C94-6CF3-4FBF-A877-B2408B3B17E0}.Release|Any CPU.ActiveCfg = Release|Any CPU
		{73D19C94-6CF3-4FBF-A877-B2408B3B17E0}.Release|Any CPU.Build.0 = Release|Any CPU
		{861B46CB-46B9-49B8-9E5D-E0AD85E095A1}.Debug|Any CPU.ActiveCfg = Debug|Any CPU
		{861B46CB-46B9-49B8-9E5D-E0AD85E095A1}.Debug|Any CPU.Build.0 = Debug|Any CPU
		{861B46CB-46B9-49B8-9E5D-E0AD85E095A1}.Release|Any CPU.ActiveCfg = Release|Any CPU
		{861B46CB-46B9-49B8-9E5D-E0AD85E095A1}.Release|Any CPU.Build.0 = Release|Any CPU
		{ECAC4E30-E1F6-4FCC-8D0E-B620428E305C}.Debug|Any CPU.ActiveCfg = Debug|Any CPU
		{ECAC4E30-E1F6-4FCC-8D0E-B620428E305C}.Debug|Any CPU.Build.0 = Debug|Any CPU
		{ECAC4E30-E1F6-4FCC-8D0E-B620428E305C}.Release|Any CPU.ActiveCfg = Release|Any CPU
		{ECAC4E30-E1F6-4FCC-8D0E-B620428E305C}.Release|Any CPU.Build.0 = Release|Any CPU
		{B3AEB98A-DEB2-4B82-9375-2282F6753EA9}.Debug|Any CPU.ActiveCfg = Debug|Any CPU
		{B3AEB98A-DEB2-4B82-9375-2282F6753EA9}.Debug|Any CPU.Build.0 = Debug|Any CPU
		{B3AEB98A-DEB2-4B82-9375-2282F6753EA9}.Release|Any CPU.ActiveCfg = Release|Any CPU
		{B3AEB98A-DEB2-4B82-9375-2282F6753EA9}.Release|Any CPU.Build.0 = Release|Any CPU
		{2F0093CA-D0EF-4D56-998E-6BDCED94E4E2}.Debug|Any CPU.ActiveCfg = Debug|Any CPU
		{2F0093CA-D0EF-4D56-998E-6BDCED94E4E2}.Debug|Any CPU.Build.0 = Debug|Any CPU
		{2F0093CA-D0EF-4D56-998E-6BDCED94E4E2}.Release|Any CPU.ActiveCfg = Release|Any CPU
		{2F0093CA-D0EF-4D56-998E-6BDCED94E4E2}.Release|Any CPU.Build.0 = Release|Any CPU
		{D3977A1C-1693-4171-99F2-ABEADCFA8643}.Debug|Any CPU.ActiveCfg = Debug|Any CPU
		{D3977A1C-1693-4171-99F2-ABEADCFA8643}.Debug|Any CPU.Build.0 = Debug|Any CPU
		{D3977A1C-1693-4171-99F2-ABEADCFA8643}.Release|Any CPU.ActiveCfg = Release|Any CPU
		{D3977A1C-1693-4171-99F2-ABEADCFA8643}.Release|Any CPU.Build.0 = Release|Any CPU
		{BF391477-2A6B-4B3C-AD83-62A742696F04}.Debug|Any CPU.ActiveCfg = Debug|Any CPU
		{BF391477-2A6B-4B3C-AD83-62A742696F04}.Debug|Any CPU.Build.0 = Debug|Any CPU
		{BF391477-2A6B-4B3C-AD83-62A742696F04}.Release|Any CPU.ActiveCfg = Release|Any CPU
		{BF391477-2A6B-4B3C-AD83-62A742696F04}.Release|Any CPU.Build.0 = Release|Any CPU
		{0EB5435D-A208-44FA-AAF3-B3463F851272}.Debug|Any CPU.ActiveCfg = Debug|Any CPU
		{0EB5435D-A208-44FA-AAF3-B3463F851272}.Debug|Any CPU.Build.0 = Debug|Any CPU
		{0EB5435D-A208-44FA-AAF3-B3463F851272}.Release|Any CPU.ActiveCfg = Release|Any CPU
		{0EB5435D-A208-44FA-AAF3-B3463F851272}.Release|Any CPU.Build.0 = Release|Any CPU
		{36E59D93-0663-4F9D-A09D-550EE6DE5DBD}.Debug|Any CPU.ActiveCfg = Debug|Any CPU
		{36E59D93-0663-4F9D-A09D-550EE6DE5DBD}.Debug|Any CPU.Build.0 = Debug|Any CPU
		{36E59D93-0663-4F9D-A09D-550EE6DE5DBD}.Release|Any CPU.ActiveCfg = Release|Any CPU
		{36E59D93-0663-4F9D-A09D-550EE6DE5DBD}.Release|Any CPU.Build.0 = Release|Any CPU
		{A9DF97FE-2A56-47C1-A8DC-A04A78AB6470}.Debug|Any CPU.ActiveCfg = Debug|Any CPU
		{A9DF97FE-2A56-47C1-A8DC-A04A78AB6470}.Debug|Any CPU.Build.0 = Debug|Any CPU
		{A9DF97FE-2A56-47C1-A8DC-A04A78AB6470}.Release|Any CPU.ActiveCfg = Release|Any CPU
		{A9DF97FE-2A56-47C1-A8DC-A04A78AB6470}.Release|Any CPU.Build.0 = Release|Any CPU
	EndGlobalSection
	GlobalSection(SolutionProperties) = preSolution
		HideSolutionNode = FALSE
	EndGlobalSection
	GlobalSection(ExtensibilityGlobals) = postSolution
		SolutionGuid = {D97ED140-BFD4-4169-94D7-00B425A81844}
	EndGlobalSection
EndGlobal
